
Microsoft Visual Studio Solution File, Format Version 12.00
# Visual Studio Version 17
VisualStudioVersion = 17.11.35219.272
MinimumVisualStudioVersion = 10.0.40219.1
Project("{FAE04EC0-301F-11D3-BF4B-00C04F79EFBC}") = "WasteRecycle", "WasteRecycle.csproj", "{36AE3AF0-5024-4E3F-AD6F-02F5D2A22498}"
EndProject
Global
	GlobalSection(SolutionConfigurationPlatforms) = preSolution
		Debug|Any CPU = Debug|Any CPU
		Release|Any CPU = Release|Any CPU
	EndGlobalSection
	GlobalSection(ProjectConfigurationPlatforms) = postSolution
		{36AE3AF0-5024-4E3F-AD6F-02F5D2A22498}.Debug|Any CPU.ActiveCfg = Debug|Any CPU
		{36AE3AF0-5024-4E3F-AD6F-02F5D2A22498}.Debug|Any CPU.Build.0 = Debug|Any CPU
		{36AE3AF0-5024-4E3F-AD6F-02F5D2A22498}.Release|Any CPU.ActiveCfg = Release|Any CPU
		{36AE3AF0-5024-4E3F-AD6F-02F5D2A22498}.Release|Any CPU.Build.0 = Release|Any CPU
	EndGlobalSection
	GlobalSection(SolutionProperties) = preSolution
		HideSolutionNode = FALSE
	EndGlobalSection
	GlobalSection(ExtensibilityGlobals) = postSolution
		SolutionGuid = {6FAD1CC9-296A-4337-A894-EC1EEE9B575E}
	EndGlobalSection
EndGlobal
